
Microsoft Visual Studio Solution File, Format Version 12.00
# Visual Studio Version 16
VisualStudioVersion = 16.0.30907.101
MinimumVisualStudioVersion = 10.0.40219.1
Project("{FAE04EC0-301F-11D3-BF4B-00C04F79EFBC}") = "CodedMesssages", "CodedMesssages.csproj", "{34477B7F-260A-4D20-BE4A-231C250E0BF5}"
EndProject
Global
	GlobalSection(SolutionConfigurationPlatforms) = preSolution
		Debug|Any CPU = Debug|Any CPU
		Release|Any CPU = Release|Any CPU
	EndGlobalSection
	GlobalSection(ProjectConfigurationPlatforms) = postSolution
		{34477B7F-260A-4D20-BE4A-231C250E0BF5}.Debug|Any CPU.ActiveCfg = Debug|Any CPU
		{34477B7F-260A-4D20-BE4A-231C250E0BF5}.Debug|Any CPU.Build.0 = Debug|Any CPU
		{34477B7F-260A-4D20-BE4A-231C250E0BF5}.Release|Any CPU.ActiveCfg = Release|Any CPU
		{34477B7F-260A-4D20-BE4A-231C250E0BF5}.Release|Any CPU.Build.0 = Release|Any CPU
	EndGlobalSection
	GlobalSection(SolutionProperties) = preSolution
		HideSolutionNode = FALSE
	EndGlobalSection
	GlobalSection(ExtensibilityGlobals) = postSolution
		SolutionGuid = {42C96823-8E48-404C-AAED-28BD432F66A1}
	EndGlobalSection
EndGlobal
